
Microsoft Visual Studio Solution File, Format Version 12.00
# Visual Studio Version 17
VisualStudioVersion = 17.0.31903.59
MinimumVisualStudioVersion = 10.0.40219.1
Project("{2150E333-8FDC-42A3-9474-1A3956D46DE8}") = "src", "src", "{2F0FF9DA-92BB-48C0-9C27-2169C5D675CF}"
EndProject
Project("{2150E333-8FDC-42A3-9474-1A3956D46DE8}") = "BuildingBlocks", "BuildingBlocks", "{9885AE29-2AC1-4402-B2C5-2965002E55AB}"
EndProject
Project("{FAE04EC0-301F-11D3-BF4B-00C04F79EFBC}") = "FDV.Core", "src\BuildingBlocks\FDV.Core\FDV.Core.csproj", "{74B8083F-8431-4ABC-B090-45F5CFFB2F52}"
EndProject
Project("{2150E333-8FDC-42A3-9474-1A3956D46DE8}") = "Usuarios", "Usuarios", "{7309C62B-868E-40C4-B55A-4E9C3DF9F332}"
EndProject
Project("{FAE04EC0-301F-11D3-BF4B-00C04F79EFBC}") = "FDV.Usuarios.App", "src\Usuarios\FDV.Usuarios.App\FDV.Usuarios.App.csproj", "{7DBF08AB-1309-4835-826A-E0DA3F1CB43E}"
EndProject
Project("{2150E333-8FDC-42A3-9474-1A3956D46DE8}") = "tests", "tests", "{DEE03198-D35D-410B-998C-1971D78E56EE}"
EndProject
Project("{2150E333-8FDC-42A3-9474-1A3956D46DE8}") = "Usuarios", "Usuarios", "{4046E836-32B3-4A61-94E2-A8C4D1B5B084}"
EndProject
Project("{FAE04EC0-301F-11D3-BF4B-00C04F79EFBC}") = "FDV.Usuarios.App.Tests", "tests\Usuarios\FDV.Usuarios.App.Tests\FDV.Usuarios.App.Tests.csproj", "{20A28DAC-83B1-49E1-965B-B3D14CBC16CF}"
EndProject
Project("{2150E333-8FDC-42A3-9474-1A3956D46DE8}") = "Forum", "Forum", "{01806728-AC78-4E6C-93D6-398102A5A785}"
EndProject
Project("{FAE04EC0-301F-11D3-BF4B-00C04F79EFBC}") = "FDV.Forum.Domain", "src\Forum\FDV.Forum.Domain\FDV.Forum.Domain.csproj", "{72E41E04-2DE0-4181-A309-FF73395A5612}"
EndProject
Project("{2150E333-8FDC-42A3-9474-1A3956D46DE8}") = "WebAPI", "WebAPI", "{347E0064-A793-4DD3-936B-3E6605C6422D}"
EndProject
Project("{FAE04EC0-301F-11D3-BF4B-00C04F79EFBC}") = "FDV.WebAPI", "src\WebAPI\FDV.WebAPI\FDV.WebAPI.csproj", "{2CBBE58D-65CA-4425-91AF-F36CB3B5014E}"
EndProject
Project("{FAE04EC0-301F-11D3-BF4B-00C04F79EFBC}") = "FDV.Forum.Infra", "src\Forum\FDV.Forum.Infra\FDV.Forum.Infra.csproj", "{ED58D29F-11E7-4E51-B9D4-76B242C1F9E3}"
EndProject
Project("{FAE04EC0-301F-11D3-BF4B-00C04F79EFBC}") = "FDV.WebApi.Core", "src\BuildingBlocks\FDV.WebApi.Core\FDV.WebApi.Core.csproj", "{9A1BC3D6-BA6E-4ADB-939C-94FAC14A1DF8}"
EndProject
Project("{FAE04EC0-301F-11D3-BF4B-00C04F79EFBC}") = "FDV.Forum.App", "src\Forum\FDV.Forum.App\FDV.Forum.App.csproj", "{42F59827-8AFB-4050-97CA-BD5ED1D46C62}"
EndProject
Project("{2150E333-8FDC-42A3-9474-1A3956D46DE8}") = "Autenticacao", "Autenticacao", "{C0FBEE69-7A30-477C-BAE8-9E9698D83E92}"
EndProject
Project("{FAE04EC0-301F-11D3-BF4B-00C04F79EFBC}") = "FDV.Identidade.App", "src\Autenticacao\FDV.Identidade.App\FDV.Identidade.App.csproj", "{B8920317-4482-4FEF-BC4D-BE08CD5B4DCD}"
EndProject
Global
	GlobalSection(SolutionConfigurationPlatforms) = preSolution
		Debug|Any CPU = Debug|Any CPU
		Release|Any CPU = Release|Any CPU
	EndGlobalSection
	GlobalSection(ProjectConfigurationPlatforms) = postSolution
		{74B8083F-8431-4ABC-B090-45F5CFFB2F52}.Debug|Any CPU.ActiveCfg = Debug|Any CPU
		{74B8083F-8431-4ABC-B090-45F5CFFB2F52}.Debug|Any CPU.Build.0 = Debug|Any CPU
		{74B8083F-8431-4ABC-B090-45F5CFFB2F52}.Release|Any CPU.ActiveCfg = Release|Any CPU
		{74B8083F-8431-4ABC-B090-45F5CFFB2F52}.Release|Any CPU.Build.0 = Release|Any CPU
		{7DBF08AB-1309-4835-826A-E0DA3F1CB43E}.Debug|Any CPU.ActiveCfg = Debug|Any CPU
		{7DBF08AB-1309-4835-826A-E0DA3F1CB43E}.Debug|Any CPU.Build.0 = Debug|Any CPU
		{7DBF08AB-1309-4835-826A-E0DA3F1CB43E}.Release|Any CPU.ActiveCfg = Release|Any CPU
		{7DBF08AB-1309-4835-826A-E0DA3F1CB43E}.Release|Any CPU.Build.0 = Release|Any CPU
		{20A28DAC-83B1-49E1-965B-B3D14CBC16CF}.Debug|Any CPU.ActiveCfg = Debug|Any CPU
		{20A28DAC-83B1-49E1-965B-B3D14CBC16CF}.Debug|Any CPU.Build.0 = Debug|Any CPU
		{20A28DAC-83B1-49E1-965B-B3D14CBC16CF}.Release|Any CPU.ActiveCfg = Release|Any CPU
		{20A28DAC-83B1-49E1-965B-B3D14CBC16CF}.Release|Any CPU.Build.0 = Release|Any CPU
		{72E41E04-2DE0-4181-A309-FF73395A5612}.Debug|Any CPU.ActiveCfg = Debug|Any CPU
		{72E41E04-2DE0-4181-A309-FF73395A5612}.Debug|Any CPU.Build.0 = Debug|Any CPU
		{72E41E04-2DE0-4181-A309-FF73395A5612}.Release|Any CPU.ActiveCfg = Release|Any CPU
		{72E41E04-2DE0-4181-A309-FF73395A5612}.Release|Any CPU.Build.0 = Release|Any CPU
		{2CBBE58D-65CA-4425-91AF-F36CB3B5014E}.Debug|Any CPU.ActiveCfg = Debug|Any CPU
		{2CBBE58D-65CA-4425-91AF-F36CB3B5014E}.Debug|Any CPU.Build.0 = Debug|Any CPU
		{2CBBE58D-65CA-4425-91AF-F36CB3B5014E}.Release|Any CPU.ActiveCfg = Release|Any CPU
		{2CBBE58D-65CA-4425-91AF-F36CB3B5014E}.Release|Any CPU.Build.0 = Release|Any CPU
		{ED58D29F-11E7-4E51-B9D4-76B242C1F9E3}.Debug|Any CPU.ActiveCfg = Debug|Any CPU
		{ED58D29F-11E7-4E51-B9D4-76B242C1F9E3}.Debug|Any CPU.Build.0 = Debug|Any CPU
		{ED58D29F-11E7-4E51-B9D4-76B242C1F9E3}.Release|Any CPU.ActiveCfg = Release|Any CPU
		{ED58D29F-11E7-4E51-B9D4-76B242C1F9E3}.Release|Any CPU.Build.0 = Release|Any CPU
		{9A1BC3D6-BA6E-4ADB-939C-94FAC14A1DF8}.Debug|Any CPU.ActiveCfg = Debug|Any CPU
		{9A1BC3D6-BA6E-4ADB-939C-94FAC14A1DF8}.Debug|Any CPU.Build.0 = Debug|Any CPU
		{9A1BC3D6-BA6E-4ADB-939C-94FAC14A1DF8}.Release|Any CPU.ActiveCfg = Release|Any CPU
		{9A1BC3D6-BA6E-4ADB-939C-94FAC14A1DF8}.Release|Any CPU.Build.0 = Release|Any CPU
		{42F59827-8AFB-4050-97CA-BD5ED1D46C62}.Debug|Any CPU.ActiveCfg = Debug|Any CPU
		{42F59827-8AFB-4050-97CA-BD5ED1D46C62}.Debug|Any CPU.Build.0 = Debug|Any CPU
		{42F59827-8AFB-4050-97CA-BD5ED1D46C62}.Release|Any CPU.ActiveCfg = Release|Any CPU
		{42F59827-8AFB-4050-97CA-BD5ED1D46C62}.Release|Any CPU.Build.0 = Release|Any CPU
		{B8920317-4482-4FEF-BC4D-BE08CD5B4DCD}.Debug|Any CPU.ActiveCfg = Debug|Any CPU
		{B8920317-4482-4FEF-BC4D-BE08CD5B4DCD}.Debug|Any CPU.Build.0 = Debug|Any CPU
		{B8920317-4482-4FEF-BC4D-BE08CD5B4DCD}.Release|Any CPU.ActiveCfg = Release|Any CPU
		{B8920317-4482-4FEF-BC4D-BE08CD5B4DCD}.Release|Any CPU.Build.0 = Release|Any CPU
	EndGlobalSection
	GlobalSection(SolutionProperties) = preSolution
		HideSolutionNode = FALSE
	EndGlobalSection
	GlobalSection(NestedProjects) = preSolution
		{9885AE29-2AC1-4402-B2C5-2965002E55AB} = {2F0FF9DA-92BB-48C0-9C27-2169C5D675CF}
		{74B8083F-8431-4ABC-B090-45F5CFFB2F52} = {9885AE29-2AC1-4402-B2C5-2965002E55AB}
		{7309C62B-868E-40C4-B55A-4E9C3DF9F332} = {2F0FF9DA-92BB-48C0-9C27-2169C5D675CF}
		{7DBF08AB-1309-4835-826A-E0DA3F1CB43E} = {7309C62B-868E-40C4-B55A-4E9C3DF9F332}
		{4046E836-32B3-4A61-94E2-A8C4D1B5B084} = {DEE03198-D35D-410B-998C-1971D78E56EE}
		{20A28DAC-83B1-49E1-965B-B3D14CBC16CF} = {4046E836-32B3-4A61-94E2-A8C4D1B5B084}
		{01806728-AC78-4E6C-93D6-398102A5A785} = {2F0FF9DA-92BB-48C0-9C27-2169C5D675CF}
		{72E41E04-2DE0-4181-A309-FF73395A5612} = {01806728-AC78-4E6C-93D6-398102A5A785}
		{347E0064-A793-4DD3-936B-3E6605C6422D} = {2F0FF9DA-92BB-48C0-9C27-2169C5D675CF}
		{2CBBE58D-65CA-4425-91AF-F36CB3B5014E} = {347E0064-A793-4DD3-936B-3E6605C6422D}
		{ED58D29F-11E7-4E51-B9D4-76B242C1F9E3} = {01806728-AC78-4E6C-93D6-398102A5A785}
		{9A1BC3D6-BA6E-4ADB-939C-94FAC14A1DF8} = {9885AE29-2AC1-4402-B2C5-2965002E55AB}
		{42F59827-8AFB-4050-97CA-BD5ED1D46C62} = {01806728-AC78-4E6C-93D6-398102A5A785}
		{C0FBEE69-7A30-477C-BAE8-9E9698D83E92} = {2F0FF9DA-92BB-48C0-9C27-2169C5D675CF}
		{B8920317-4482-4FEF-BC4D-BE08CD5B4DCD} = {C0FBEE69-7A30-477C-BAE8-9E9698D83E92}
	EndGlobalSection
EndGlobal
